{
  "name": "backendv2",
  "version": "1.0.0",
  "lockfileVersion": 1,
  "requires": true,
  "dependencies": {
    "merge": {
      "version": "1.2.0",
      "resolved": "http://registry.npm.taobao.org/merge/download/merge-1.2.0.tgz",
      "integrity": "sha1-dTHjnUlJwoGma4xabgJl6LBYlNo="
    },
    "postmark": {
      "version": "1.4.1",
      "resolved": "http://registry.npm.taobao.org/postmark/download/postmark-1.4.1.tgz",
      "integrity": "sha1-aCQLrdxLzjfGiyNHi/+/EUvYnwQ=",
      "requires": {
        "merge": "1.2.0"
      }
    }
  }
}
